// !$*UTF8*$!
{
	archiveVersion = 1;
	classes = {
	};
	objectVersion = 52;
	objects = {

/* Begin PBXBuildFile section */
		B809282E26004A2B006C2E18 /* Tests_iOS.swift in Sources */ = {isa = PBXBuildFile; fileRef = B809282D26004A2B006C2E18 /* Tests_iOS.swift */; };
		B809283926004A2B006C2E18 /* Tests_macOS.swift in Sources */ = {isa = PBXBuildFile; fileRef = B809283826004A2B006C2E18 /* Tests_macOS.swift */; };
		B809283B26004A2B006C2E18 /* Find_The_WeatherApp.swift in Sources */ = {isa = PBXBuildFile; fileRef = B809281226004A29006C2E18 /* Find_The_WeatherApp.swift */; };
		B809283C26004A2B006C2E18 /* Find_The_WeatherApp.swift in Sources */ = {isa = PBXBuildFile; fileRef = B809281226004A29006C2E18 /* Find_The_WeatherApp.swift */; };
		B809283D26004A2B006C2E18 /* ContentView.swift in Sources */ = {isa = PBXBuildFile; fileRef = B809281326004A29006C2E18 /* ContentView.swift */; };
		B809283E26004A2B006C2E18 /* ContentView.swift in Sources */ = {isa = PBXBuildFile; fileRef = B809281326004A29006C2E18 /* ContentView.swift */; };
		B809283F26004A2B006C2E18 /* Assets.xcassets in Resources */ = {isa = PBXBuildFile; fileRef = B809281426004A2B006C2E18 /* Assets.xcassets */; };
		B809284026004A2B006C2E18 /* Assets.xcassets in Resources */ = {isa = PBXBuildFile; fileRef = B809281426004A2B006C2E18 /* Assets.xcassets */; };
		B809285A26004FCC006C2E18 /* API.swift in Sources */ = {isa = PBXBuildFile; fileRef = B809285926004FCC006C2E18 /* API.swift */; };
		B80928652600507D006C2E18 /* API+Extensions.swift in Sources */ = {isa = PBXBuildFile; fileRef = B80928642600507D006C2E18 /* API+Extensions.swift */; };
		B809286F260055E5006C2E18 /* NetworkManager.swift in Sources */ = {isa = PBXBuildFile; fileRef = B809286E260055E5006C2E18 /* NetworkManager.swift */; };
		B841F0D62618F7990041C8FE /* Lottie in Frameworks */ = {isa = PBXBuildFile; productRef = B841F0D52618F7990041C8FE /* Lottie */; };
		B841F0DC2618F8080041C8FE /* LottieView.swift in Sources */ = {isa = PBXBuildFile; fileRef = B841F0DB2618F8080041C8FE /* LottieView.swift */; };
		B864B68F26273FE600A36D26 /* TodayWeatherView.swift in Sources */ = {isa = PBXBuildFile; fileRef = B864B68E26273FE600A36D26 /* TodayWeatherView.swift */; };
		B864B69926275C1700A36D26 /* HourlyWeatherView.swift in Sources */ = {isa = PBXBuildFile; fileRef = B864B69826275C1700A36D26 /* HourlyWeatherView.swift */; };
		B864B6A72627628A00A36D26 /* DailyWeatherView.swift in Sources */ = {isa = PBXBuildFile; fileRef = B864B6A62627628A00A36D26 /* DailyWeatherView.swift */; };
		B864B6AD2627650400A36D26 /* CityView.swift in Sources */ = {isa = PBXBuildFile; fileRef = B864B6AC2627650400A36D26 /* CityView.swift */; };
		B89470402625390F0054251F /* MenuHeaderView.swift in Sources */ = {isa = PBXBuildFile; fileRef = B894703F2625390F0054251F /* MenuHeaderView.swift */; };
		B894704626253C570054251F /* CityNameView.swift in Sources */ = {isa = PBXBuildFile; fileRef = B894704526253C570054251F /* CityNameView.swift */; };
		B8A44B2B260C088900B64D2A /* WeatherResponse.swift in Sources */ = {isa = PBXBuildFile; fileRef = B8A44B2A260C088900B64D2A /* WeatherResponse.swift */; };
		B8A44B31260C08B900B64D2A /* Weather.swift in Sources */ = {isa = PBXBuildFile; fileRef = B8A44B30260C08B900B64D2A /* Weather.swift */; };
		B8A44B37260C08C600B64D2A /* WeatherDetail.swift in Sources */ = {isa = PBXBuildFile; fileRef = B8A44B36260C08C600B64D2A /* WeatherDetail.swift */; };
		B8A44B3D260C08D400B64D2A /* DailyWeather.swift in Sources */ = {isa = PBXBuildFile; fileRef = B8A44B3C260C08D400B64D2A /* DailyWeather.swift */; };
		B8A44B43260C08E300B64D2A /* Temperature.swift in Sources */ = {isa = PBXBuildFile; fileRef = B8A44B42260C08E300B64D2A /* Temperature.swift */; };
		B8C662C3260D69280095A265 /* CityViewViewModel.swift in Sources */ = {isa = PBXBuildFile; fileRef = B8C662C2260D69280095A265 /* CityViewViewModel.swift */; };
/* End PBXBuildFile section */

/* Begin PBXContainerItemProxy section */
		B809282A26004A2B006C2E18 /* PBXContainerItemProxy */ = {
			isa = PBXContainerItemProxy;
			containerPortal = B809280D26004A29006C2E18 /* Project object */;
			proxyType = 1;
			remoteGlobalIDString = B809281826004A2B006C2E18;
			remoteInfo = "Find The Weather (iOS)";
		};
		B809283526004A2B006C2E18 /* PBXContainerItemProxy */ = {
			isa = PBXContainerItemProxy;
			containerPortal = B809280D26004A29006C2E18 /* Project object */;
			proxyType = 1;
			remoteGlobalIDString = B809282026004A2B006C2E18;
			remoteInfo = "Find The Weather (macOS)";
		};
/* End PBXContainerItemProxy section */

/* Begin PBXFileReference section */
		B809281226004A29006C2E18 /* Find_The_WeatherApp.swift */ = {isa = PBXFileReference; lastKnownFileType = sourcecode.swift; path = Find_The_WeatherApp.swift; sourceTree = "<group>"; };
		B809281326004A29006C2E18 /* ContentView.swift */ = {isa = PBXFileReference; lastKnownFileType = sourcecode.swift; path = ContentView.swift; sourceTree = "<group>"; };
		B809281426004A2B006C2E18 /* Assets.xcassets */ = {isa = PBXFileReference; lastKnownFileType = folder.assetcatalog; path = Assets.xcassets; sourceTree = "<group>"; };
		B809281926004A2B006C2E18 /* Find The Weather.app */ = {isa = PBXFileReference; explicitFileType = wrapper.application; includeInIndex = 0; path = "Find The Weather.app"; sourceTree = BUILT_PRODUCTS_DIR; };
		B809281C26004A2B006C2E18 /* Info.plist */ = {isa = PBXFileReference; lastKnownFileType = text.plist.xml; path = Info.plist; sourceTree = "<group>"; };
		B809282126004A2B006C2E18 /* Find The Weather.app */ = {isa = PBXFileReference; explicitFileType = wrapper.application; includeInIndex = 0; path = "Find The Weather.app"; sourceTree = BUILT_PRODUCTS_DIR; };
		B809282326004A2B006C2E18 /* Info.plist */ = {isa = PBXFileReference; lastKnownFileType = text.plist.xml; path = Info.plist; sourceTree = "<group>"; };
		B809282426004A2B006C2E18 /* macOS.entitlements */ = {isa = PBXFileReference; lastKnownFileType = text.plist.entitlements; path = macOS.entitlements; sourceTree = "<group>"; };
		B809282926004A2B006C2E18 /* Tests iOS.xctest */ = {isa = PBXFileReference; explicitFileType = wrapper.cfbundle; includeInIndex = 0; path = "Tests iOS.xctest"; sourceTree = BUILT_PRODUCTS_DIR; };
		B809282D26004A2B006C2E18 /* Tests_iOS.swift */ = {isa = PBXFileReference; lastKnownFileType = sourcecode.swift; path = Tests_iOS.swift; sourceTree = "<group>"; };
		B809282F26004A2B006C2E18 /* Info.plist */ = {isa = PBXFileReference; lastKnownFileType = text.plist.xml; path = Info.plist; sourceTree = "<group>"; };
		B809283426004A2B006C2E18 /* Tests macOS.xctest */ = {isa = PBXFileReference; explicitFileType = wrapper.cfbundle; includeInIndex = 0; path = "Tests macOS.xctest"; sourceTree = BUILT_PRODUCTS_DIR; };
		B809283826004A2B006C2E18 /* Tests_macOS.swift */ = {isa = PBXFileReference; lastKnownFileType = sourcecode.swift; path = Tests_macOS.swift; sourceTree = "<group>"; };
		B809283A26004A2B006C2E18 /* Info.plist */ = {isa = PBXFileReference; lastKnownFileType = text.plist.xml; path = Info.plist; sourceTree = "<group>"; };
		B809285926004FCC006C2E18 /* API.swift */ = {isa = PBXFileReference; lastKnownFileType = sourcecode.swift; path = API.swift; sourceTree = "<group>"; };
		B80928642600507D006C2E18 /* API+Extensions.swift */ = {isa = PBXFileReference; lastKnownFileType = sourcecode.swift; path = "API+Extensions.swift"; sourceTree = "<group>"; };
		B809286E260055E5006C2E18 /* NetworkManager.swift */ = {isa = PBXFileReference; lastKnownFileType = sourcecode.swift; path = NetworkManager.swift; sourceTree = "<group>"; };
		B841F0DB2618F8080041C8FE /* LottieView.swift */ = {isa = PBXFileReference; lastKnownFileType = sourcecode.swift; path = LottieView.swift; sourceTree = "<group>"; };
		B864B68E26273FE600A36D26 /* TodayWeatherView.swift */ = {isa = PBXFileReference; lastKnownFileType = sourcecode.swift; path = TodayWeatherView.swift; sourceTree = "<group>"; };
		B864B69826275C1700A36D26 /* HourlyWeatherView.swift */ = {isa = PBXFileReference; lastKnownFileType = sourcecode.swift; path = HourlyWeatherView.swift; sourceTree = "<group>"; };
		B864B6A62627628A00A36D26 /* DailyWeatherView.swift */ = {isa = PBXFileReference; lastKnownFileType = sourcecode.swift; path = DailyWeatherView.swift; sourceTree = "<group>"; };
		B864B6AC2627650400A36D26 /* CityView.swift */ = {isa = PBXFileReference; lastKnownFileType = sourcecode.swift; path = CityView.swift; sourceTree = "<group>"; };
		B894703F2625390F0054251F /* MenuHeaderView.swift */ = {isa = PBXFileReference; lastKnownFileType = sourcecode.swift; path = MenuHeaderView.swift; sourceTree = "<group>"; };
		B894704526253C570054251F /* CityNameView.swift */ = {isa = PBXFileReference; lastKnownFileType = sourcecode.swift; path = CityNameView.swift; sourceTree = "<group>"; };
		B8A44B2A260C088900B64D2A /* WeatherResponse.swift */ = {isa = PBXFileReference; lastKnownFileType = sourcecode.swift; path = WeatherResponse.swift; sourceTree = "<group>"; };
		B8A44B30260C08B900B64D2A /* Weather.swift */ = {isa = PBXFileReference; lastKnownFileType = sourcecode.swift; path = Weather.swift; sourceTree = "<group>"; };
		B8A44B36260C08C600B64D2A /* WeatherDetail.swift */ = {isa = PBXFileReference; lastKnownFileType = sourcecode.swift; path = WeatherDetail.swift; sourceTree = "<group>"; };
		B8A44B3C260C08D400B64D2A /* DailyWeather.swift */ = {isa = PBXFileReference; lastKnownFileType = sourcecode.swift; path = DailyWeather.swift; sourceTree = "<group>"; };
		B8A44B42260C08E300B64D2A /* Temperature.swift */ = {isa = PBXFileReference; lastKnownFileType = sourcecode.swift; path = Temperature.swift; sourceTree = "<group>"; };
		B8C662C2260D69280095A265 /* CityViewViewModel.swift */ = {isa = PBXFileReference; lastKnownFileType = sourcecode.swift; path = CityViewViewModel.swift; sourceTree = "<group>"; };
/* End PBXFileReference section */

/* Begin PBXFrameworksBuildPhase section */
		B809281626004A2B006C2E18 /* Frameworks */ = {
			isa = PBXFrameworksBuildPhase;
			buildActionMask = 2147483647;
			files = (
				B841F0D62618F7990041C8FE /* Lottie in Frameworks */,
			);
			runOnlyForDeploymentPostprocessing = 0;
		};
		B809281E26004A2B006C2E18 /* Frameworks */ = {
			isa = PBXFrameworksBuildPhase;
			buildActionMask = 2147483647;
			files = (
			);
			runOnlyForDeploymentPostprocessing = 0;
		};
		B809282626004A2B006C2E18 /* Frameworks */ = {
			isa = PBXFrameworksBuildPhase;
			buildActionMask = 2147483647;
			files = (
			);
			runOnlyForDeploymentPostprocessing = 0;
		};
		B809283126004A2B006C2E18 /* Frameworks */ = {
			isa = PBXFrameworksBuildPhase;
			buildActionMask = 2147483647;
			files = (
			);
			runOnlyForDeploymentPostprocessing = 0;
		};
/* End PBXFrameworksBuildPhase section */

/* Begin PBXGroup section */
		B809280C26004A29006C2E18 = {
			isa = PBXGroup;
			children = (
				B809281126004A29006C2E18 /* Shared */,
				B809281B26004A2B006C2E18 /* iOS */,
				B809282226004A2B006C2E18 /* macOS */,
				B809282C26004A2B006C2E18 /* Tests iOS */,
				B809283726004A2B006C2E18 /* Tests macOS */,
				B809281A26004A2B006C2E18 /* Products */,
			);
			sourceTree = "<group>";
		};
		B809281126004A29006C2E18 /* Shared */ = {
			isa = PBXGroup;
			children = (
				B809285826004F80006C2E18 /* LottieAnimations */,
				B809285726004F71006C2E18 /* ViewModels */,
				B809285626004F6A006C2E18 /* Views */,
				B809285526004F64006C2E18 /* Models */,
				B809285326004F37006C2E18 /* Networking */,
				B809281226004A29006C2E18 /* Find_The_WeatherApp.swift */,
				B809281326004A29006C2E18 /* ContentView.swift */,
				B809281426004A2B006C2E18 /* Assets.xcassets */,
			);
			path = Shared;
			sourceTree = "<group>";
		};
		B809281A26004A2B006C2E18 /* Products */ = {
			isa = PBXGroup;
			children = (
				B809281926004A2B006C2E18 /* Find The Weather.app */,
				B809282126004A2B006C2E18 /* Find The Weather.app */,
				B809282926004A2B006C2E18 /* Tests iOS.xctest */,
				B809283426004A2B006C2E18 /* Tests macOS.xctest */,
			);
			name = Products;
			sourceTree = "<group>";
		};
		B809281B26004A2B006C2E18 /* iOS */ = {
			isa = PBXGroup;
			children = (
				B809281C26004A2B006C2E18 /* Info.plist */,
			);
			path = iOS;
			sourceTree = "<group>";
		};
		B809282226004A2B006C2E18 /* macOS */ = {
			isa = PBXGroup;
			children = (
				B809282326004A2B006C2E18 /* Info.plist */,
				B809282426004A2B006C2E18 /* macOS.entitlements */,
			);
			path = macOS;
			sourceTree = "<group>";
		};
		B809282C26004A2B006C2E18 /* Tests iOS */ = {
			isa = PBXGroup;
			children = (
				B809282D26004A2B006C2E18 /* Tests_iOS.swift */,
				B809282F26004A2B006C2E18 /* Info.plist */,
			);
			path = "Tests iOS";
			sourceTree = "<group>";
		};
		B809283726004A2B006C2E18 /* Tests macOS */ = {
			isa = PBXGroup;
			children = (
				B809283826004A2B006C2E18 /* Tests_macOS.swift */,
				B809283A26004A2B006C2E18 /* Info.plist */,
			);
			path = "Tests macOS";
			sourceTree = "<group>";
		};
		B809285326004F37006C2E18 /* Networking */ = {
			isa = PBXGroup;
			children = (
				B809285926004FCC006C2E18 /* API.swift */,
				B80928642600507D006C2E18 /* API+Extensions.swift */,
				B809286E260055E5006C2E18 /* NetworkManager.swift */,
			);
			path = Networking;
			sourceTree = "<group>";
		};
		B809285526004F64006C2E18 /* Models */ = {
			isa = PBXGroup;
			children = (
				B8A44B2A260C088900B64D2A /* WeatherResponse.swift */,
				B8A44B30260C08B900B64D2A /* Weather.swift */,
				B8A44B36260C08C600B64D2A /* WeatherDetail.swift */,
				B8A44B3C260C08D400B64D2A /* DailyWeather.swift */,
				B8A44B42260C08E300B64D2A /* Temperature.swift */,
			);
			path = Models;
			sourceTree = "<group>";
		};
		B809285626004F6A006C2E18 /* Views */ = {
			isa = PBXGroup;
			children = (
				B841F0DB2618F8080041C8FE /* LottieView.swift */,
				B894703F2625390F0054251F /* MenuHeaderView.swift */,
				B894704526253C570054251F /* CityNameView.swift */,
				B864B68E26273FE600A36D26 /* TodayWeatherView.swift */,
				B864B69826275C1700A36D26 /* HourlyWeatherView.swift */,
				B864B6A62627628A00A36D26 /* DailyWeatherView.swift */,
				B864B6AC2627650400A36D26 /* CityView.swift */,
			);
			path = Views;
			sourceTree = "<group>";
		};
		B809285726004F71006C2E18 /* ViewModels */ = {
			isa = PBXGroup;
			children = (
				B8C662C2260D69280095A265 /* CityViewViewModel.swift */,
			);
			path = ViewModels;
			sourceTree = "<group>";
		};
		B809285826004F80006C2E18 /* LottieAnimations */ = {
			isa = PBXGroup;
			children = (
			);
			path = LottieAnimations;
			sourceTree = "<group>";
		};
/* End PBXGroup section */

/* Begin PBXNativeTarget section */
		B809281826004A2B006C2E18 /* Find The Weather (iOS) */ = {
			isa = PBXNativeTarget;
			buildConfigurationList = B809284326004A2B006C2E18 /* Build configuration list for PBXNativeTarget "Find The Weather (iOS)" */;
			buildPhases = (
				B809281526004A2B006C2E18 /* Sources */,
				B809281626004A2B006C2E18 /* Frameworks */,
				B809281726004A2B006C2E18 /* Resources */,
			);
			buildRules = (
			);
			dependencies = (
			);
			name = "Find The Weather (iOS)";
			packageProductDependencies = (
				B841F0D52618F7990041C8FE /* Lottie */,
			);
			productName = "Find The Weather (iOS)";
			productReference = B809281926004A2B006C2E18 /* Find The Weather.app */;
			productType = "com.apple.product-type.application";
		};
		B809282026004A2B006C2E18 /* Find The Weather (macOS) */ = {
			isa = PBXNativeTarget;
			buildConfigurationList = B809284626004A2B006C2E18 /* Build configuration list for PBXNativeTarget "Find The Weather (macOS)" */;
			buildPhases = (
				B809281D26004A2B006C2E18 /* Sources */,
				B809281E26004A2B006C2E18 /* Frameworks */,
				B809281F26004A2B006C2E18 /* Resources */,
			);
			buildRules = (
			);
			dependencies = (
			);
			name = "Find The Weather (macOS)";
			productName = "Find The Weather (macOS)";
			productReference = B809282126004A2B006C2E18 /* Find The Weather.app */;
			productType = "com.apple.product-type.application";
		};
		B809282826004A2B006C2E18 /* Tests iOS */ = {
			isa = PBXNativeTarget;
			buildConfigurationList = B809284926004A2B006C2E18 /* Build configuration list for PBXNativeTarget "Tests iOS" */;
			buildPhases = (
				B809282526004A2B006C2E18 /* Sources */,
				B809282626004A2B006C2E18 /* Frameworks */,
				B809282726004A2B006C2E18 /* Resources */,
			);
			buildRules = (
			);
			dependencies = (
				B809282B26004A2B006C2E18 /* PBXTargetDependency */,
			);
			name = "Tests iOS";
			productName = "Tests iOS";
			productReference = B809282926004A2B006C2E18 /* Tests iOS.xctest */;
			productType = "com.apple.product-type.bundle.ui-testing";
		};
		B809283326004A2B006C2E18 /* Tests macOS */ = {
			isa = PBXNativeTarget;
			buildConfigurationList = B809284C26004A2B006C2E18 /* Build configuration list for PBXNativeTarget "Tests macOS" */;
			buildPhases = (
				B809283026004A2B006C2E18 /* Sources */,
				B809283126004A2B006C2E18 /* Frameworks */,
				B809283226004A2B006C2E18 /* Resources */,
			);
			buildRules = (
			);
			dependencies = (
				B809283626004A2B006C2E18 /* PBXTargetDependency */,
			);
			name = "Tests macOS";
			productName = "Tests macOS";
			productReference = B809283426004A2B006C2E18 /* Tests macOS.xctest */;
			productType = "com.apple.product-type.bundle.ui-testing";
		};
/* End PBXNativeTarget section */

/* Begin PBXProject section */
		B809280D26004A29006C2E18 /* Project object */ = {
			isa = PBXProject;
			attributes = {
				LastSwiftUpdateCheck = 1240;
				LastUpgradeCheck = 1240;
				TargetAttributes = {
					B809281826004A2B006C2E18 = {
						CreatedOnToolsVersion = 12.4;
					};
					B809282026004A2B006C2E18 = {
						CreatedOnToolsVersion = 12.4;
					};
					B809282826004A2B006C2E18 = {
						CreatedOnToolsVersion = 12.4;
						TestTargetID = B809281826004A2B006C2E18;
					};
					B809283326004A2B006C2E18 = {
						CreatedOnToolsVersion = 12.4;
						TestTargetID = B809282026004A2B006C2E18;
					};
				};
			};
			buildConfigurationList = B809281026004A29006C2E18 /* Build configuration list for PBXProject "Find The Weather" */;
			compatibilityVersion = "Xcode 9.3";
			developmentRegion = en;
			hasScannedForEncodings = 0;
			knownRegions = (
				en,
				Base,
			);
			mainGroup = B809280C26004A29006C2E18;
			packageReferences = (
				B841F0D42618F7990041C8FE /* XCRemoteSwiftPackageReference "lottie-ios" */,
			);
			productRefGroup = B809281A26004A2B006C2E18 /* Products */;
			projectDirPath = "";
			projectRoot = "";
			targets = (
				B809281826004A2B006C2E18 /* Find The Weather (iOS) */,
				B809282026004A2B006C2E18 /* Find The Weather (macOS) */,
				B809282826004A2B006C2E18 /* Tests iOS */,
				B809283326004A2B006C2E18 /* Tests macOS */,
			);
		};
/* End PBXProject section */

/* Begin PBXResourcesBuildPhase section */
		B809281726004A2B006C2E18 /* Resources */ = {
			isa = PBXResourcesBuildPhase;
			buildActionMask = 2147483647;
			files = (
				B809283F26004A2B006C2E18 /* Assets.xcassets in Resources */,
			);
			runOnlyForDeploymentPostprocessing = 0;
		};
		B809281F26004A2B006C2E18 /* Resources */ = {
			isa = PBXResourcesBuildPhase;
			buildActionMask = 2147483647;
			files = (
				B809284026004A2B006C2E18 /* Assets.xcassets in Resources */,
			);
			runOnlyForDeploymentPostprocessing = 0;
		};
		B809282726004A2B006C2E18 /* Resources */ = {
			isa = PBXResourcesBuildPhase;
			buildActionMask = 2147483647;
			files = (
			);
			runOnlyForDeploymentPostprocessing = 0;
		};
		B809283226004A2B006C2E18 /* Resources */ = {
			isa = PBXResourcesBuildPhase;
			buildActionMask = 2147483647;
			files = (
			);
			runOnlyForDeploymentPostprocessing = 0;
		};
/* End PBXResourcesBuildPhase section */

/* Begin PBXSourcesBuildPhase section */
		B809281526004A2B006C2E18 /* Sources */ = {
			isa = PBXSourcesBuildPhase;
			buildActionMask = 2147483647;
			files = (
				B864B6A72627628A00A36D26 /* DailyWeatherView.swift in Sources */,
				B864B69926275C1700A36D26 /* HourlyWeatherView.swift in Sources */,
				B80928652600507D006C2E18 /* API+Extensions.swift in Sources */,
				B8C662C3260D69280095A265 /* CityViewViewModel.swift in Sources */,
				B894704626253C570054251F /* CityNameView.swift in Sources */,
				B8A44B37260C08C600B64D2A /* WeatherDetail.swift in Sources */,
				B8A44B2B260C088900B64D2A /* WeatherResponse.swift in Sources */,
				B864B6AD2627650400A36D26 /* CityView.swift in Sources */,
				B809283D26004A2B006C2E18 /* ContentView.swift in Sources */,
				B809286F260055E5006C2E18 /* NetworkManager.swift in Sources */,
				B809285A26004FCC006C2E18 /* API.swift in Sources */,
				B89470402625390F0054251F /* MenuHeaderView.swift in Sources */,
				B809283B26004A2B006C2E18 /* Find_The_WeatherApp.swift in Sources */,
				B8A44B31260C08B900B64D2A /* Weather.swift in Sources */,
				B864B68F26273FE600A36D26 /* TodayWeatherView.swift in Sources */,
				B8A44B43260C08E300B64D2A /* Temperature.swift in Sources */,
				B8A44B3D260C08D400B64D2A /* DailyWeather.swift in Sources */,
				B841F0DC2618F8080041C8FE /* LottieView.swift in Sources */,
			);
			runOnlyForDeploymentPostprocessing = 0;
		};
		B809281D26004A2B006C2E18 /* Sources */ = {
			isa = PBXSourcesBuildPhase;
			buildActionMask = 2147483647;
			files = (
				B809283E26004A2B006C2E18 /* ContentView.swift in Sources */,
				B809283C26004A2B006C2E18 /* Find_The_WeatherApp.swift in Sources */,
			);
			runOnlyForDeploymentPostprocessing = 0;
		};
		B809282526004A2B006C2E18 /* Sources */ = {
			isa = PBXSourcesBuildPhase;
			buildActionMask = 2147483647;
			files = (
				B809282E26004A2B006C2E18 /* Tests_iOS.swift in Sources */,
			);
			runOnlyForDeploymentPostprocessing = 0;
		};
		B809283026004A2B006C2E18 /* Sources */ = {
			isa = PBXSourcesBuildPhase;
			buildActionMask = 2147483647;
			files = (
				B809283926004A2B006C2E18 /* Tests_macOS.swift in Sources */,
			);
			runOnlyForDeploymentPostprocessing = 0;
		};
/* End PBXSourcesBuildPhase section */

/* Begin PBXTargetDependency section */
		B809282B26004A2B006C2E18 /* PBXTargetDependency */ = {
			isa = PBXTargetDependency;
			target = B809281826004A2B006C2E18 /* Find The Weather (iOS) */;
			targetProxy = B809282A26004A2B006C2E18 /* PBXContainerItemProxy */;
		};
		B809283626004A2B006C2E18 /* PBXTargetDependency */ = {
			isa = PBXTargetDependency;
			target = B809282026004A2B006C2E18 /* Find The Weather (macOS) */;
			targetProxy = B809283526004A2B006C2E18 /* PBXContainerItemProxy */;
		};
/* End PBXTargetDependency section */

/* Begin XCBuildConfiguration section */
		B809284126004A2B006C2E18 /* Debug */ = {
			isa = XCBuildConfiguration;
			buildSettings = {
				ALWAYS_SEARCH_USER_PATHS = NO;
				CLANG_ANALYZER_NONNULL = YES;
				CLANG_ANALYZER_NUMBER_OBJECT_CONVERSION = YES_AGGRESSIVE;
				CLANG_CXX_LANGUAGE_STANDARD = "gnu++14";
				CLANG_CXX_LIBRARY = "libc++";
				CLANG_ENABLE_MODULES = YES;
				CLANG_ENABLE_OBJC_ARC = YES;
				CLANG_ENABLE_OBJC_WEAK = YES;
				CLANG_WARN_BLOCK_CAPTURE_AUTORELEASING = YES;
				CLANG_WARN_BOOL_CONVERSION = YES;
				CLANG_WARN_COMMA = YES;
				CLANG_WARN_CONSTANT_CONVERSION = YES;
				CLANG_WARN_DEPRECATED_OBJC_IMPLEMENTATIONS = YES;
				CLANG_WARN_DIRECT_OBJC_ISA_USAGE = YES_ERROR;
				CLANG_WARN_DOCUMENTATION_COMMENTS = YES;
				CLANG_WARN_EMPTY_BODY = YES;
				CLANG_WARN_ENUM_CONVERSION = YES;
				CLANG_WARN_INFINITE_RECURSION = YES;
				CLANG_WARN_INT_CONVERSION = YES;
				CLANG_WARN_NON_LITERAL_NULL_CONVERSION = YES;
				CLANG_WARN_OBJC_IMPLICIT_RETAIN_SELF = YES;
				CLANG_WARN_OBJC_LITERAL_CONVERSION = YES;
				CLANG_WARN_OBJC_ROOT_CLASS = YES_ERROR;
				CLANG_WARN_QUOTED_INCLUDE_IN_FRAMEWORK_HEADER = YES;
				CLANG_WARN_RANGE_LOOP_ANALYSIS = YES;
				CLANG_WARN_STRICT_PROTOTYPES = YES;
				CLANG_WARN_SUSPICIOUS_MOVE = YES;
				CLANG_WARN_UNGUARDED_AVAILABILITY = YES_AGGRESSIVE;
				CLANG_WARN_UNREACHABLE_CODE = YES;
				CLANG_WARN__DUPLICATE_METHOD_MATCH = YES;
				COPY_PHASE_STRIP = NO;
				DEBUG_INFORMATION_FORMAT = dwarf;
				ENABLE_STRICT_OBJC_MSGSEND = YES;
				ENABLE_TESTABILITY = YES;
				GCC_C_LANGUAGE_STANDARD = gnu11;
				GCC_DYNAMIC_NO_PIC = NO;
				GCC_NO_COMMON_BLOCKS = YES;
				GCC_OPTIMIZATION_LEVEL = 0;
				GCC_PREPROCESSOR_DEFINITIONS = (
					"DEBUG=1",
					"$(inherited)",
				);
				GCC_WARN_64_TO_32_BIT_CONVERSION = YES;
				GCC_WARN_ABOUT_RETURN_TYPE = YES_ERROR;
				GCC_WARN_UNDECLARED_SELECTOR = YES;
				GCC_WARN_UNINITIALIZED_AUTOS = YES_AGGRESSIVE;
				GCC_WARN_UNUSED_FUNCTION = YES;
				GCC_WARN_UNUSED_VARIABLE = YES;
				MTL_ENABLE_DEBUG_INFO = INCLUDE_SOURCE;
				MTL_FAST_MATH = YES;
				ONLY_ACTIVE_ARCH = YES;
				SWIFT_ACTIVE_COMPILATION_CONDITIONS = DEBUG;
				SWIFT_OPTIMIZATION_LEVEL = "-Onone";
			};
			name = Debug;
		};
		B809284226004A2B006C2E18 /* Release */ = {
			isa = XCBuildConfiguration;
			buildSettings = {
				ALWAYS_SEARCH_USER_PATHS = NO;
				CLANG_ANALYZER_NONNULL = YES;
				CLANG_ANALYZER_NUMBER_OBJECT_CONVERSION = YES_AGGRESSIVE;
				CLANG_CXX_LANGUAGE_STANDARD = "gnu++14";
				CLANG_CXX_LIBRARY = "libc++";
				CLANG_ENABLE_MODULES = YES;
				CLANG_ENABLE_OBJC_ARC = YES;
				CLANG_ENABLE_OBJC_WEAK = YES;
				CLANG_WARN_BLOCK_CAPTURE_AUTORELEASING = YES;
				CLANG_WARN_BOOL_CONVERSION = YES;
				CLANG_WARN_COMMA = YES;
				CLANG_WARN_CONSTANT_CONVERSION = YES;
				CLANG_WARN_DEPRECATED_OBJC_IMPLEMENTATIONS = YES;
				CLANG_WARN_DIRECT_OBJC_ISA_USAGE = YES_ERROR;
				CLANG_WARN_DOCUMENTATION_COMMENTS = YES;
				CLANG_WARN_EMPTY_BODY = YES;
				CLANG_WARN_ENUM_CONVERSION = YES;
				CLANG_WARN_INFINITE_RECURSION = YES;
				CLANG_WARN_INT_CONVERSION = YES;
				CLANG_WARN_NON_LITERAL_NULL_CONVERSION = YES;
				CLANG_WARN_OBJC_IMPLICIT_RETAIN_SELF = YES;
				CLANG_WARN_OBJC_LITERAL_CONVERSION = YES;
				CLANG_WARN_OBJC_ROOT_CLASS = YES_ERROR;
				CLANG_WARN_QUOTED_INCLUDE_IN_FRAMEWORK_HEADER = YES;
				CLANG_WARN_RANGE_LOOP_ANALYSIS = YES;
				CLANG_WARN_STRICT_PROTOTYPES = YES;
				CLANG_WARN_SUSPICIOUS_MOVE = YES;
				CLANG_WARN_UNGUARDED_AVAILABILITY = YES_AGGRESSIVE;
				CLANG_WARN_UNREACHABLE_CODE = YES;
				CLANG_WARN__DUPLICATE_METHOD_MATCH = YES;
				COPY_PHASE_STRIP = NO;
				DEBUG_INFORMATION_FORMAT = "dwarf-with-dsym";
				ENABLE_NS_ASSERTIONS = NO;
				ENABLE_STRICT_OBJC_MSGSEND = YES;
				GCC_C_LANGUAGE_STANDARD = gnu11;
				GCC_NO_COMMON_BLOCKS = YES;
				GCC_WARN_64_TO_32_BIT_CONVERSION = YES;
				GCC_WARN_ABOUT_RETURN_TYPE = YES_ERROR;
				GCC_WARN_UNDECLARED_SELECTOR = YES;
				GCC_WARN_UNINITIALIZED_AUTOS = YES_AGGRESSIVE;
				GCC_WARN_UNUSED_FUNCTION = YES;
				GCC_WARN_UNUSED_VARIABLE = YES;
				MTL_ENABLE_DEBUG_INFO = NO;
				MTL_FAST_MATH = YES;
				SWIFT_COMPILATION_MODE = wholemodule;
				SWIFT_OPTIMIZATION_LEVEL = "-O";
			};
			name = Release;
		};
		B809284426004A2B006C2E18 /* Debug */ = {
			isa = XCBuildConfiguration;
			buildSettings = {
				ASSETCATALOG_COMPILER_APPICON_NAME = AppIcon;
				ASSETCATALOG_COMPILER_GLOBAL_ACCENT_COLOR_NAME = AccentColor;
				CODE_SIGN_STYLE = Automatic;
				DEVELOPMENT_TEAM = 5V7VULT4R8;
				ENABLE_PREVIEWS = YES;
				INFOPLIST_FILE = iOS/Info.plist;
				IPHONEOS_DEPLOYMENT_TARGET = 14.1;
				LD_RUNPATH_SEARCH_PATHS = (
					"$(inherited)",
					"@executable_path/Frameworks",
				);
				PRODUCT_BUNDLE_IDENTIFIER = "test.Find-The-Weather";
				PRODUCT_NAME = "Find The Weather";
				SDKROOT = iphoneos;
				SWIFT_VERSION = 5.0;
				TARGETED_DEVICE_FAMILY = "1,2";
			};
			name = Debug;
		};
		B809284526004A2B006C2E18 /* Release */ = {
			isa = XCBuildConfiguration;
			buildSettings = {
				ASSETCATALOG_COMPILER_APPICON_NAME = AppIcon;
				ASSETCATALOG_COMPILER_GLOBAL_ACCENT_COLOR_NAME = AccentColor;
				CODE_SIGN_STYLE = Automatic;
				DEVELOPMENT_TEAM = 5V7VULT4R8;
				ENABLE_PREVIEWS = YES;
				INFOPLIST_FILE = iOS/Info.plist;
				IPHONEOS_DEPLOYMENT_TARGET = 14.1;
				LD_RUNPATH_SEARCH_PATHS = (
					"$(inherited)",
					"@executable_path/Frameworks",
				);
				PRODUCT_BUNDLE_IDENTIFIER = "test.Find-The-Weather";
				PRODUCT_NAME = "Find The Weather";
				SDKROOT = iphoneos;
				SWIFT_VERSION = 5.0;
				TARGETED_DEVICE_FAMILY = "1,2";
				VALIDATE_PRODUCT = YES;
			};
			name = Release;
		};
		B809284726004A2B006C2E18 /* Debug */ = {
			isa = XCBuildConfiguration;
			buildSettings = {
				ASSETCATALOG_COMPILER_APPICON_NAME = AppIcon;
				ASSETCATALOG_COMPILER_GLOBAL_ACCENT_COLOR_NAME = AccentColor;
				CODE_SIGN_ENTITLEMENTS = macOS/macOS.entitlements;
				CODE_SIGN_STYLE = Automatic;
				COMBINE_HIDPI_IMAGES = YES;
				ENABLE_PREVIEWS = YES;
				INFOPLIST_FILE = macOS/Info.plist;
				LD_RUNPATH_SEARCH_PATHS = (
					"$(inherited)",
					"@executable_path/../Frameworks",
				);
				MACOSX_DEPLOYMENT_TARGET = 11.0;
				PRODUCT_BUNDLE_IDENTIFIER = "test.Find-The-Weather";
				PRODUCT_NAME = "Find The Weather";
				SDKROOT = macosx;
				SWIFT_VERSION = 5.0;
			};
			name = Debug;
		};
		B809284826004A2B006C2E18 /* Release */ = {
			isa = XCBuildConfiguration;
			buildSettings = {
				ASSETCATALOG_COMPILER_APPICON_NAME = AppIcon;
				ASSETCATALOG_COMPILER_GLOBAL_ACCENT_COLOR_NAME = AccentColor;
				CODE_SIGN_ENTITLEMENTS = macOS/macOS.entitlements;
				CODE_SIGN_STYLE = Automatic;
				COMBINE_HIDPI_IMAGES = YES;
				ENABLE_PREVIEWS = YES;
				INFOPLIST_FILE = macOS/Info.plist;
				LD_RUNPATH_SEARCH_PATHS = (
					"$(inherited)",
					"@executable_path/../Frameworks",
				);
				MACOSX_DEPLOYMENT_TARGET = 11.0;
				PRODUCT_BUNDLE_IDENTIFIER = "test.Find-The-Weather";
				PRODUCT_NAME = "Find The Weather";
				SDKROOT = macosx;
				SWIFT_VERSION = 5.0;
			};
			name = Release;
		};
		B809284A26004A2B006C2E18 /* Debug */ = {
			isa = XCBuildConfiguration;
			buildSettings = {
				ALWAYS_EMBED_SWIFT_STANDARD_LIBRARIES = YES;
				CODE_SIGN_STYLE = Automatic;
				INFOPLIST_FILE = "Tests iOS/Info.plist";
				IPHONEOS_DEPLOYMENT_TARGET = 14.4;
				LD_RUNPATH_SEARCH_PATHS = (
					"$(inherited)",
					"@executable_path/Frameworks",
					"@loader_path/Frameworks",
				);
				PRODUCT_BUNDLE_IDENTIFIER = "test.Tests-iOS";
				PRODUCT_NAME = "$(TARGET_NAME)";
				SDKROOT = iphoneos;
				SWIFT_VERSION = 5.0;
				TARGETED_DEVICE_FAMILY = "1,2";
				TEST_TARGET_NAME = "Find The Weather (iOS)";
			};
			name = Debug;
		};
		B809284B26004A2B006C2E18 /* Release */ = {
			isa = XCBuildConfiguration;
			buildSettings = {
				ALWAYS_EMBED_SWIFT_STANDARD_LIBRARIES = YES;
				CODE_SIGN_STYLE = Automatic;
				INFOPLIST_FILE = "Tests iOS/Info.plist";
				IPHONEOS_DEPLOYMENT_TARGET = 14.4;
				LD_RUNPATH_SEARCH_PATHS = (
					"$(inherited)",
					"@executable_path/Frameworks",
					"@loader_path/Frameworks",
				);
				PRODUCT_BUNDLE_IDENTIFIER = "test.Tests-iOS";
				PRODUCT_NAME = "$(TARGET_NAME)";
				SDKROOT = iphoneos;
				SWIFT_VERSION = 5.0;
				TARGETED_DEVICE_FAMILY = "1,2";
				TEST_TARGET_NAME = "Find The Weather (iOS)";
				VALIDATE_PRODUCT = YES;
			};
			name = Release;
		};
		B809284D26004A2B006C2E18 /* Debug */ = {
			isa = XCBuildConfiguration;
			buildSettings = {
				ALWAYS_EMBED_SWIFT_STANDARD_LIBRARIES = YES;
				CODE_SIGN_STYLE = Automatic;
				COMBINE_HIDPI_IMAGES = YES;
				INFOPLIST_FILE = "Tests macOS/Info.plist";
				LD_RUNPATH_SEARCH_PATHS = (
					"$(inherited)",
					"@executable_path/../Frameworks",
					"@loader_path/../Frameworks",
				);
				MACOSX_DEPLOYMENT_TARGET = 11.1;
				PRODUCT_BUNDLE_IDENTIFIER = "test.Tests-macOS";
				PRODUCT_NAME = "$(TARGET_NAME)";
				SDKROOT = macosx;
				SWIFT_VERSION = 5.0;
				TEST_TARGET_NAME = "Find The Weather (macOS)";
			};
			name = Debug;
		};
		B809284E26004A2B006C2E18 /* Release */ = {
			isa = XCBuildConfiguration;
			buildSettings = {
				ALWAYS_EMBED_SWIFT_STANDARD_LIBRARIES = YES;
				CODE_SIGN_STYLE = Automatic;
				COMBINE_HIDPI_IMAGES = YES;
				INFOPLIST_FILE = "Tests macOS/Info.plist";
				LD_RUNPATH_SEARCH_PATHS = (
					"$(inherited)",
					"@executable_path/../Frameworks",
					"@loader_path/../Frameworks",
				);
				MACOSX_DEPLOYMENT_TARGET = 11.1;
				PRODUCT_BUNDLE_IDENTIFIER = "test.Tests-macOS";
				PRODUCT_NAME = "$(TARGET_NAME)";
				SDKROOT = macosx;
				SWIFT_VERSION = 5.0;
				TEST_TARGET_NAME = "Find The Weather (macOS)";
			};
			name = Release;
		};
/* End XCBuildConfiguration section */

/* Begin XCConfigurationList section */
		B809281026004A29006C2E18 /* Build configuration list for PBXProject "Find The Weather" */ = {
			isa = XCConfigurationList;
			buildConfigurations = (
				B809284126004A2B006C2E18 /* Debug */,
				B809284226004A2B006C2E18 /* Release */,
			);
			defaultConfigurationIsVisible = 0;
			defaultConfigurationName = Release;
		};
		B809284326004A2B006C2E18 /* Build configuration list for PBXNativeTarget "Find The Weather (iOS)" */ = {
			isa = XCConfigurationList;
			buildConfigurations = (
				B809284426004A2B006C2E18 /* Debug */,
				B809284526004A2B006C2E18 /* Release */,
			);
			defaultConfigurationIsVisible = 0;
			defaultConfigurationName = Release;
		};
		B809284626004A2B006C2E18 /* Build configuration list for PBXNativeTarget "Find The Weather (macOS)" */ = {
			isa = XCConfigurationList;
			buildConfigurations = (
				B809284726004A2B006C2E18 /* Debug */,
				B809284826004A2B006C2E18 /* Release */,
			);
			defaultConfigurationIsVisible = 0;
			defaultConfigurationName = Release;
		};
		B809284926004A2B006C2E18 /* Build configuration list for PBXNativeTarget "Tests iOS" */ = {
			isa = XCConfigurationList;
			buildConfigurations = (
				B809284A26004A2B006C2E18 /* Debug */,
				B809284B26004A2B006C2E18 /* Release */,
			);
			defaultConfigurationIsVisible = 0;
			defaultConfigurationName = Release;
		};
		B809284C26004A2B006C2E18 /* Build configuration list for PBXNativeTarget "Tests macOS" */ = {
			isa = XCConfigurationList;
			buildConfigurations = (
				B809284D26004A2B006C2E18 /* Debug */,
				B809284E26004A2B006C2E18 /* Release */,
			);
			defaultConfigurationIsVisible = 0;
			defaultConfigurationName = Release;
		};
/* End XCConfigurationList section */

/* Begin XCRemoteSwiftPackageReference section */
		B841F0D42618F7990041C8FE /* XCRemoteSwiftPackageReference "lottie-ios" */ = {
			isa = XCRemoteSwiftPackageReference;
			repositoryURL = "https://github.com/airbnb/lottie-ios.git";
			requirement = {
				kind = upToNextMajorVersion;
				minimumVersion = 3.2.1;
			};
		};
/* End XCRemoteSwiftPackageReference section */

/* Begin XCSwiftPackageProductDependency section */
		B841F0D52618F7990041C8FE /* Lottie */ = {
			isa = XCSwiftPackageProductDependency;
			package = B841F0D42618F7990041C8FE /* XCRemoteSwiftPackageReference "lottie-ios" */;
			productName = Lottie;
		};
/* End XCSwiftPackageProductDependency section */
	};
	rootObject = B809280D26004A29006C2E18 /* Project object */;
}
